
Microsoft Visual Studio Solution File, Format Version 12.00
# Visual Studio Version 17
VisualStudioVersion = 17.8.34316.72
MinimumVisualStudioVersion = 10.0.40219.1
Project("{9A19103F-16F7-4668-BE54-9A1E7A4F7556}") = "employeeManagement", "employeeManagement.csproj", "{459E4CED-98A4-49BE-A0CD-1B77ACB1FD52}"
EndProject
Global
	GlobalSection(SolutionConfigurationPlatforms) = preSolution
		Debug|Any CPU = Debug|Any CPU
		Release|Any CPU = Release|Any CPU
	EndGlobalSection
	GlobalSection(ProjectConfigurationPlatforms) = postSolution
		{459E4CED-98A4-49BE-A0CD-1B77ACB1FD52}.Debug|Any CPU.ActiveCfg = Debug|Any CPU
		{459E4CED-98A4-49BE-A0CD-1B77ACB1FD52}.Debug|Any CPU.Build.0 = Debug|Any CPU
		{459E4CED-98A4-49BE-A0CD-1B77ACB1FD52}.Release|Any CPU.ActiveCfg = Release|Any CPU
		{459E4CED-98A4-49BE-A0CD-1B77ACB1FD52}.Release|Any CPU.Build.0 = Release|Any CPU
	EndGlobalSection
	GlobalSection(SolutionProperties) = preSolution
		HideSolutionNode = FALSE
	EndGlobalSection
	GlobalSection(ExtensibilityGlobals) = postSolution
		SolutionGuid = {DCF54200-B26F-4E1C-A7C2-C04F782394EC}
	EndGlobalSection
EndGlobal
